
Microsoft Visual Studio Solution File, Format Version 12.00
# Visual Studio Version 17
VisualStudioVersion = 17.9.34728.123
MinimumVisualStudioVersion = 10.0.40219.1
Project("{8BC9CEB8-8B4A-11D0-8D11-00A0C91BC942}") = "snake", "snake\snake.vcxproj", "{A2DA2A23-323D-48C8-981D-FF85FBE733AF}"
EndProject
Global
	GlobalSection(SolutionConfigurationPlatforms) = preSolution
		Debug|x64 = Debug|x64
		Debug|x86 = Debug|x86
		Release|x64 = Release|x64
		Release|x86 = Release|x86
	EndGlobalSection
	GlobalSection(ProjectConfigurationPlatforms) = postSolution
		{A2DA2A23-323D-48C8-981D-FF85FBE733AF}.Debug|x64.ActiveCfg = Debug|x64
		{A2DA2A23-323D-48C8-981D-FF85FBE733AF}.Debug|x64.Build.0 = Debug|x64
		{A2DA2A23-323D-48C8-981D-FF85FBE733AF}.Debug|x86.ActiveCfg = Debug|Win32
		{A2DA2A23-323D-48C8-981D-FF85FBE733AF}.Debug|x86.Build.0 = Debug|Win32
		{A2DA2A23-323D-48C8-981D-FF85FBE733AF}.Release|x64.ActiveCfg = Release|x64
		{A2DA2A23-323D-48C8-981D-FF85FBE733AF}.Release|x64.Build.0 = Release|x64
		{A2DA2A23-323D-48C8-981D-FF85FBE733AF}.Release|x86.ActiveCfg = Release|Win32
		{A2DA2A23-323D-48C8-981D-FF85FBE733AF}.Release|x86.Build.0 = Release|Win32
	EndGlobalSection
	GlobalSection(SolutionProperties) = preSolution
		HideSolutionNode = FALSE
	EndGlobalSection
	GlobalSection(ExtensibilityGlobals) = postSolution
		SolutionGuid = {854458FE-1EFC-476D-93B6-6D240F459F24}
	EndGlobalSection
EndGlobal
